
Microsoft Visual Studio Solution File, Format Version 12.00
# Visual Studio Version 16
VisualStudioVersion = 16.0.30204.135
MinimumVisualStudioVersion = 10.0.40219.1
Project("{FAE04EC0-301F-11D3-BF4B-00C04F79EFBC}") = "PersoonLibrary", "PersoonLibrary\PersoonLibrary.csproj", "{49C29D08-00E3-4BF9-A6E0-C1041D6ED292}"
EndProject
Project("{FAE04EC0-301F-11D3-BF4B-00C04F79EFBC}") = "PersoonLibraryTest", "PersoonLibraryTest\PersoonLibraryTest.csproj", "{8763E767-7CFB-4955-ADB6-7E64DA6394DB}"
EndProject
Global
	GlobalSection(SolutionConfigurationPlatforms) = preSolution
		Debug|Any CPU = Debug|Any CPU
		Release|Any CPU = Release|Any CPU
	EndGlobalSection
	GlobalSection(ProjectConfigurationPlatforms) = postSolution
		{49C29D08-00E3-4BF9-A6E0-C1041D6ED292}.Debug|Any CPU.ActiveCfg = Debug|Any CPU
		{49C29D08-00E3-4BF9-A6E0-C1041D6ED292}.Debug|Any CPU.Build.0 = Debug|Any CPU
		{49C29D08-00E3-4BF9-A6E0-C1041D6ED292}.Release|Any CPU.ActiveCfg = Release|Any CPU
		{49C29D08-00E3-4BF9-A6E0-C1041D6ED292}.Release|Any CPU.Build.0 = Release|Any CPU
		{8763E767-7CFB-4955-ADB6-7E64DA6394DB}.Debug|Any CPU.ActiveCfg = Debug|Any CPU
		{8763E767-7CFB-4955-ADB6-7E64DA6394DB}.Debug|Any CPU.Build.0 = Debug|Any CPU
		{8763E767-7CFB-4955-ADB6-7E64DA6394DB}.Release|Any CPU.ActiveCfg = Release|Any CPU
		{8763E767-7CFB-4955-ADB6-7E64DA6394DB}.Release|Any CPU.Build.0 = Release|Any CPU
	EndGlobalSection
	GlobalSection(SolutionProperties) = preSolution
		HideSolutionNode = FALSE
	EndGlobalSection
	GlobalSection(ExtensibilityGlobals) = postSolution
		SolutionGuid = {0C5D63F1-AE40-4BE4-B2F2-382F41655006}
	EndGlobalSection
EndGlobal
